
Microsoft Visual Studio Solution File, Format Version 11.00
# Visual Studio 2010
Project("{FAE04EC0-301F-11D3-BF4B-00C04F79EFBC}") = "Assembly-CSharp-firstpass", "Assembly-CSharp-firstpass.csproj", "{34000F02-EB7E-1A00-36C3-F72F7EBA07A7}"
EndProject
Project("{FAE04EC0-301F-11D3-BF4B-00C04F79EFBC}") = "Assembly-CSharp", "Assembly-CSharp.csproj", "{AFB52DD3-3F58-981F-F6D6-E2AB423F60D2}"
EndProject
Global
	GlobalSection(SolutionConfigurationPlatforms) = preSolution
		Debug|Any CPU = Debug|Any CPU
		Release|Any CPU = Release|Any CPU
	EndGlobalSection
	GlobalSection(ProjectConfigurationPlatforms) = postSolution
		{34000F02-EB7E-1A00-36C3-F72F7EBA07A7}.Debug|Any CPU.ActiveCfg = Debug|Any CPU
		{34000F02-EB7E-1A00-36C3-F72F7EBA07A7}.Debug|Any CPU.Build.0 = Debug|Any CPU
		{34000F02-EB7E-1A00-36C3-F72F7EBA07A7}.Release|Any CPU.ActiveCfg = Release|Any CPU
		{34000F02-EB7E-1A00-36C3-F72F7EBA07A7}.Release|Any CPU.Build.0 = Release|Any CPU
		{AFB52DD3-3F58-981F-F6D6-E2AB423F60D2}.Debug|Any CPU.ActiveCfg = Debug|Any CPU
		{AFB52DD3-3F58-981F-F6D6-E2AB423F60D2}.Debug|Any CPU.Build.0 = Debug|Any CPU
		{AFB52DD3-3F58-981F-F6D6-E2AB423F60D2}.Release|Any CPU.ActiveCfg = Release|Any CPU
		{AFB52DD3-3F58-981F-F6D6-E2AB423F60D2}.Release|Any CPU.Build.0 = Release|Any CPU
	EndGlobalSection
	GlobalSection(SolutionProperties) = preSolution
		HideSolutionNode = FALSE
	EndGlobalSection
EndGlobal
